{
  "pins" : [
    {
      "identity" : "factory",
      "kind" : "remoteSourceControl",
      "location" : "https://github.com/hmlongco/Factory",
      "state" : {
        "revision" : "8c5196703504b93413fe6813ed6984d6767c4725",
        "version" : "1.3.3"
      }
    },
    {
      "identity" : "nuke",
      "kind" : "remoteSourceControl",
      "location" : "https://github.com/kean/Nuke",
      "state" : {
        "revision" : "2e9337168d08acccf72c039bf9324be24a1cf7d7",
        "version" : "11.5.3"
      }
    }
  ],
  "version" : 2
}
