// !$*UTF8*$!
{
	archiveVersion = 1;
	classes = {
	};
	objectVersion = 56;
	objects = {

/* Begin PBXBuildFile section */
		81393C9F29698BF5007322B7 /* AppdbApp.swift in Sources */ = {isa = PBXBuildFile; fileRef = 81393C9E29698BF5007322B7 /* AppdbApp.swift */; };
		81393CA129698BF5007322B7 /* ContentView.swift in Sources */ = {isa = PBXBuildFile; fileRef = 81393CA029698BF5007322B7 /* ContentView.swift */; };
		81393CA329698BF6007322B7 /* Assets.xcassets in Resources */ = {isa = PBXBuildFile; fileRef = 81393CA229698BF6007322B7 /* Assets.xcassets */; };
		817875AB296AFFFB00372B65 /* APIService.swift in Sources */ = {isa = PBXBuildFile; fileRef = 817875AA296AFFFB00372B65 /* APIService.swift */; };
		817875AE296B009400372B65 /* Models in Frameworks */ = {isa = PBXBuildFile; productRef = 817875AD296B009400372B65 /* Models */; };
		817875B0296B009700372B65 /* Networking in Frameworks */ = {isa = PBXBuildFile; productRef = 817875AF296B009700372B65 /* Networking */; };
		81FBFDF6296B27650063361E /* Factory in Frameworks */ = {isa = PBXBuildFile; productRef = 81FBFDF5296B27650063361E /* Factory */; };
		81FBFDF9296B27830063361E /* Dependencies.swift in Sources */ = {isa = PBXBuildFile; fileRef = 81FBFDF8296B27830063361E /* Dependencies.swift */; };
/* End PBXBuildFile section */

/* Begin PBXContainerItemProxy section */
		817875BA296B124000372B65 /* PBXContainerItemProxy */ = {
			isa = PBXContainerItemProxy;
			containerPortal = 81393C9329698BF5007322B7 /* Project object */;
			proxyType = 1;
			remoteGlobalIDString = 81393C9A29698BF5007322B7;
			remoteInfo = "appdb-v2";
		};
/* End PBXContainerItemProxy section */

/* Begin PBXFileReference section */
		81393C9B29698BF5007322B7 /* appdb-v2.app */ = {isa = PBXFileReference; explicitFileType = wrapper.application; includeInIndex = 0; path = "appdb-v2.app"; sourceTree = BUILT_PRODUCTS_DIR; };
		81393C9E29698BF5007322B7 /* AppdbApp.swift */ = {isa = PBXFileReference; lastKnownFileType = sourcecode.swift; path = AppdbApp.swift; sourceTree = "<group>"; };
		81393CA029698BF5007322B7 /* ContentView.swift */ = {isa = PBXFileReference; lastKnownFileType = sourcecode.swift; path = ContentView.swift; sourceTree = "<group>"; };
		81393CA229698BF6007322B7 /* Assets.xcassets */ = {isa = PBXFileReference; lastKnownFileType = folder.assetcatalog; path = Assets.xcassets; sourceTree = "<group>"; };
		817875A629698D0000372B65 /* Networking */ = {isa = PBXFileReference; lastKnownFileType = wrapper; path = Networking; sourceTree = "<group>"; };
		817875A8296AFDB200372B65 /* Models */ = {isa = PBXFileReference; lastKnownFileType = wrapper; path = Models; sourceTree = "<group>"; };
		817875AA296AFFFB00372B65 /* APIService.swift */ = {isa = PBXFileReference; lastKnownFileType = sourcecode.swift; path = APIService.swift; sourceTree = "<group>"; };
		817875B6296B124000372B65 /* appdbTests.xctest */ = {isa = PBXFileReference; explicitFileType = wrapper.cfbundle; includeInIndex = 0; path = appdbTests.xctest; sourceTree = BUILT_PRODUCTS_DIR; };
		81FBFDF8296B27830063361E /* Dependencies.swift */ = {isa = PBXFileReference; lastKnownFileType = sourcecode.swift; path = Dependencies.swift; sourceTree = "<group>"; };
/* End PBXFileReference section */

/* Begin PBXFrameworksBuildPhase section */
		81393C9829698BF5007322B7 /* Frameworks */ = {
			isa = PBXFrameworksBuildPhase;
			buildActionMask = 2147483647;
			files = (
				81FBFDF6296B27650063361E /* Factory in Frameworks */,
				817875B0296B009700372B65 /* Networking in Frameworks */,
				817875AE296B009400372B65 /* Models in Frameworks */,
			);
			runOnlyForDeploymentPostprocessing = 0;
		};
		817875B3296B124000372B65 /* Frameworks */ = {
			isa = PBXFrameworksBuildPhase;
			buildActionMask = 2147483647;
			files = (
			);
			runOnlyForDeploymentPostprocessing = 0;
		};
/* End PBXFrameworksBuildPhase section */

/* Begin PBXGroup section */
		81393C9229698BF5007322B7 = {
			isa = PBXGroup;
			children = (
				81393C9D29698BF5007322B7 /* appdb */,
				817875B7296B124000372B65 /* appdbTests */,
				81393C9C29698BF5007322B7 /* Products */,
				817875AC296B009400372B65 /* Frameworks */,
			);
			sourceTree = "<group>";
		};
		81393C9C29698BF5007322B7 /* Products */ = {
			isa = PBXGroup;
			children = (
				81393C9B29698BF5007322B7 /* appdb-v2.app */,
				817875B6296B124000372B65 /* appdbTests.xctest */,
			);
			name = Products;
			sourceTree = "<group>";
		};
		81393C9D29698BF5007322B7 /* appdb */ = {
			isa = PBXGroup;
			children = (
				817875A8296AFDB200372B65 /* Models */,
				817875A629698D0000372B65 /* Networking */,
				817875A729698D0C00372B65 /* App */,
			);
			path = appdb;
			sourceTree = "<group>";
		};
		817875A729698D0C00372B65 /* App */ = {
			isa = PBXGroup;
			children = (
				817875A9296AFFF300372B65 /* Dependencies */,
				81393C9E29698BF5007322B7 /* AppdbApp.swift */,
				81393CA229698BF6007322B7 /* Assets.xcassets */,
				81393CA029698BF5007322B7 /* ContentView.swift */,
			);
			path = App;
			sourceTree = "<group>";
		};
		817875A9296AFFF300372B65 /* Dependencies */ = {
			isa = PBXGroup;
			children = (
				817875AA296AFFFB00372B65 /* APIService.swift */,
				81FBFDF8296B27830063361E /* Dependencies.swift */,
			);
			path = Dependencies;
			sourceTree = "<group>";
		};
		817875AC296B009400372B65 /* Frameworks */ = {
			isa = PBXGroup;
			children = (
			);
			name = Frameworks;
			sourceTree = "<group>";
		};
		817875B7296B124000372B65 /* appdbTests */ = {
			isa = PBXGroup;
			children = (
			);
			path = appdbTests;
			sourceTree = "<group>";
		};
/* End PBXGroup section */

/* Begin PBXNativeTarget section */
		81393C9A29698BF5007322B7 /* appdb-v2 */ = {
			isa = PBXNativeTarget;
			buildConfigurationList = 81393CA929698BF6007322B7 /* Build configuration list for PBXNativeTarget "appdb-v2" */;
			buildPhases = (
				81393C9729698BF5007322B7 /* Sources */,
				81393C9829698BF5007322B7 /* Frameworks */,
				81393C9929698BF5007322B7 /* Resources */,
			);
			buildRules = (
			);
			dependencies = (
			);
			name = "appdb-v2";
			packageProductDependencies = (
				817875AD296B009400372B65 /* Models */,
				817875AF296B009700372B65 /* Networking */,
				81FBFDF5296B27650063361E /* Factory */,
			);
			productName = "appdb-v2";
			productReference = 81393C9B29698BF5007322B7 /* appdb-v2.app */;
			productType = "com.apple.product-type.application";
		};
		817875B5296B124000372B65 /* appdbTests */ = {
			isa = PBXNativeTarget;
			buildConfigurationList = 817875BC296B124000372B65 /* Build configuration list for PBXNativeTarget "appdbTests" */;
			buildPhases = (
				817875B2296B124000372B65 /* Sources */,
				817875B3296B124000372B65 /* Frameworks */,
				817875B4296B124000372B65 /* Resources */,
			);
			buildRules = (
			);
			dependencies = (
				817875BB296B124000372B65 /* PBXTargetDependency */,
			);
			name = appdbTests;
			productName = appdbTests;
			productReference = 817875B6296B124000372B65 /* appdbTests.xctest */;
			productType = "com.apple.product-type.bundle.unit-test";
		};
/* End PBXNativeTarget section */

/* Begin PBXProject section */
		81393C9329698BF5007322B7 /* Project object */ = {
			isa = PBXProject;
			attributes = {
				BuildIndependentTargetsInParallel = 1;
				LastSwiftUpdateCheck = 1420;
				LastUpgradeCheck = 1420;
				TargetAttributes = {
					81393C9A29698BF5007322B7 = {
						CreatedOnToolsVersion = 14.2;
					};
					817875B5296B124000372B65 = {
						CreatedOnToolsVersion = 14.2;
						TestTargetID = 81393C9A29698BF5007322B7;
					};
				};
			};
			buildConfigurationList = 81393C9629698BF5007322B7 /* Build configuration list for PBXProject "appdb-v2" */;
			compatibilityVersion = "Xcode 14.0";
			developmentRegion = en;
			hasScannedForEncodings = 0;
			knownRegions = (
				en,
				Base,
			);
			mainGroup = 81393C9229698BF5007322B7;
			packageReferences = (
				81FBFDF4296B27650063361E /* XCRemoteSwiftPackageReference "Factory" */,
			);
			productRefGroup = 81393C9C29698BF5007322B7 /* Products */;
			projectDirPath = "";
			projectRoot = "";
			targets = (
				81393C9A29698BF5007322B7 /* appdb-v2 */,
				817875B5296B124000372B65 /* appdbTests */,
			);
		};
/* End PBXProject section */

/* Begin PBXResourcesBuildPhase section */
		81393C9929698BF5007322B7 /* Resources */ = {
			isa = PBXResourcesBuildPhase;
			buildActionMask = 2147483647;
			files = (
				81393CA329698BF6007322B7 /* Assets.xcassets in Resources */,
			);
			runOnlyForDeploymentPostprocessing = 0;
		};
		817875B4296B124000372B65 /* Resources */ = {
			isa = PBXResourcesBuildPhase;
			buildActionMask = 2147483647;
			files = (
			);
			runOnlyForDeploymentPostprocessing = 0;
		};
/* End PBXResourcesBuildPhase section */

/* Begin PBXSourcesBuildPhase section */
		81393C9729698BF5007322B7 /* Sources */ = {
			isa = PBXSourcesBuildPhase;
			buildActionMask = 2147483647;
			files = (
				81FBFDF9296B27830063361E /* Dependencies.swift in Sources */,
				81393CA129698BF5007322B7 /* ContentView.swift in Sources */,
				817875AB296AFFFB00372B65 /* APIService.swift in Sources */,
				81393C9F29698BF5007322B7 /* AppdbApp.swift in Sources */,
			);
			runOnlyForDeploymentPostprocessing = 0;
		};
		817875B2296B124000372B65 /* Sources */ = {
			isa = PBXSourcesBuildPhase;
			buildActionMask = 2147483647;
			files = (
			);
			runOnlyForDeploymentPostprocessing = 0;
		};
/* End PBXSourcesBuildPhase section */

/* Begin PBXTargetDependency section */
		817875BB296B124000372B65 /* PBXTargetDependency */ = {
			isa = PBXTargetDependency;
			target = 81393C9A29698BF5007322B7 /* appdb-v2 */;
			targetProxy = 817875BA296B124000372B65 /* PBXContainerItemProxy */;
		};
/* End PBXTargetDependency section */

/* Begin XCBuildConfiguration section */
		81393CA729698BF6007322B7 /* Debug */ = {
			isa = XCBuildConfiguration;
			buildSettings = {
				ALWAYS_SEARCH_USER_PATHS = NO;
				CLANG_ANALYZER_NONNULL = YES;
				CLANG_ANALYZER_NUMBER_OBJECT_CONVERSION = YES_AGGRESSIVE;
				CLANG_CXX_LANGUAGE_STANDARD = "gnu++20";
				CLANG_ENABLE_MODULES = YES;
				CLANG_ENABLE_OBJC_ARC = YES;
				CLANG_ENABLE_OBJC_WEAK = YES;
				CLANG_WARN_BLOCK_CAPTURE_AUTORELEASING = YES;
				CLANG_WARN_BOOL_CONVERSION = YES;
				CLANG_WARN_COMMA = YES;
				CLANG_WARN_CONSTANT_CONVERSION = YES;
				CLANG_WARN_DEPRECATED_OBJC_IMPLEMENTATIONS = YES;
				CLANG_WARN_DIRECT_OBJC_ISA_USAGE = YES_ERROR;
				CLANG_WARN_DOCUMENTATION_COMMENTS = YES;
				CLANG_WARN_EMPTY_BODY = YES;
				CLANG_WARN_ENUM_CONVERSION = YES;
				CLANG_WARN_INFINITE_RECURSION = YES;
				CLANG_WARN_INT_CONVERSION = YES;
				CLANG_WARN_NON_LITERAL_NULL_CONVERSION = YES;
				CLANG_WARN_OBJC_IMPLICIT_RETAIN_SELF = YES;
				CLANG_WARN_OBJC_LITERAL_CONVERSION = YES;
				CLANG_WARN_OBJC_ROOT_CLASS = YES_ERROR;
				CLANG_WARN_QUOTED_INCLUDE_IN_FRAMEWORK_HEADER = YES;
				CLANG_WARN_RANGE_LOOP_ANALYSIS = YES;
				CLANG_WARN_STRICT_PROTOTYPES = YES;
				CLANG_WARN_SUSPICIOUS_MOVE = YES;
				CLANG_WARN_UNGUARDED_AVAILABILITY = YES_AGGRESSIVE;
				CLANG_WARN_UNREACHABLE_CODE = YES;
				CLANG_WARN__DUPLICATE_METHOD_MATCH = YES;
				COPY_PHASE_STRIP = NO;
				DEBUG_INFORMATION_FORMAT = dwarf;
				ENABLE_STRICT_OBJC_MSGSEND = YES;
				ENABLE_TESTABILITY = YES;
				GCC_C_LANGUAGE_STANDARD = gnu11;
				GCC_DYNAMIC_NO_PIC = NO;
				GCC_NO_COMMON_BLOCKS = YES;
				GCC_OPTIMIZATION_LEVEL = 0;
				GCC_PREPROCESSOR_DEFINITIONS = (
					"DEBUG=1",
					"$(inherited)",
				);
				GCC_WARN_64_TO_32_BIT_CONVERSION = YES;
				GCC_WARN_ABOUT_RETURN_TYPE = YES_ERROR;
				GCC_WARN_UNDECLARED_SELECTOR = YES;
				GCC_WARN_UNINITIALIZED_AUTOS = YES_AGGRESSIVE;
				GCC_WARN_UNUSED_FUNCTION = YES;
				GCC_WARN_UNUSED_VARIABLE = YES;
				IPHONEOS_DEPLOYMENT_TARGET = 16.2;
				MTL_ENABLE_DEBUG_INFO = INCLUDE_SOURCE;
				MTL_FAST_MATH = YES;
				ONLY_ACTIVE_ARCH = YES;
				SDKROOT = iphoneos;
				SWIFT_ACTIVE_COMPILATION_CONDITIONS = DEBUG;
				SWIFT_OPTIMIZATION_LEVEL = "-Onone";
			};
			name = Debug;
		};
		81393CA829698BF6007322B7 /* Release */ = {
			isa = XCBuildConfiguration;
			buildSettings = {
				ALWAYS_SEARCH_USER_PATHS = NO;
				CLANG_ANALYZER_NONNULL = YES;
				CLANG_ANALYZER_NUMBER_OBJECT_CONVERSION = YES_AGGRESSIVE;
				CLANG_CXX_LANGUAGE_STANDARD = "gnu++20";
				CLANG_ENABLE_MODULES = YES;
				CLANG_ENABLE_OBJC_ARC = YES;
				CLANG_ENABLE_OBJC_WEAK = YES;
				CLANG_WARN_BLOCK_CAPTURE_AUTORELEASING = YES;
				CLANG_WARN_BOOL_CONVERSION = YES;
				CLANG_WARN_COMMA = YES;
				CLANG_WARN_CONSTANT_CONVERSION = YES;
				CLANG_WARN_DEPRECATED_OBJC_IMPLEMENTATIONS = YES;
				CLANG_WARN_DIRECT_OBJC_ISA_USAGE = YES_ERROR;
				CLANG_WARN_DOCUMENTATION_COMMENTS = YES;
				CLANG_WARN_EMPTY_BODY = YES;
				CLANG_WARN_ENUM_CONVERSION = YES;
				CLANG_WARN_INFINITE_RECURSION = YES;
				CLANG_WARN_INT_CONVERSION = YES;
				CLANG_WARN_NON_LITERAL_NULL_CONVERSION = YES;
				CLANG_WARN_OBJC_IMPLICIT_RETAIN_SELF = YES;
				CLANG_WARN_OBJC_LITERAL_CONVERSION = YES;
				CLANG_WARN_OBJC_ROOT_CLASS = YES_ERROR;
				CLANG_WARN_QUOTED_INCLUDE_IN_FRAMEWORK_HEADER = YES;
				CLANG_WARN_RANGE_LOOP_ANALYSIS = YES;
				CLANG_WARN_STRICT_PROTOTYPES = YES;
				CLANG_WARN_SUSPICIOUS_MOVE = YES;
				CLANG_WARN_UNGUARDED_AVAILABILITY = YES_AGGRESSIVE;
				CLANG_WARN_UNREACHABLE_CODE = YES;
				CLANG_WARN__DUPLICATE_METHOD_MATCH = YES;
				COPY_PHASE_STRIP = NO;
				DEBUG_INFORMATION_FORMAT = "dwarf-with-dsym";
				ENABLE_NS_ASSERTIONS = NO;
				ENABLE_STRICT_OBJC_MSGSEND = YES;
				GCC_C_LANGUAGE_STANDARD = gnu11;
				GCC_NO_COMMON_BLOCKS = YES;
				GCC_WARN_64_TO_32_BIT_CONVERSION = YES;
				GCC_WARN_ABOUT_RETURN_TYPE = YES_ERROR;
				GCC_WARN_UNDECLARED_SELECTOR = YES;
				GCC_WARN_UNINITIALIZED_AUTOS = YES_AGGRESSIVE;
				GCC_WARN_UNUSED_FUNCTION = YES;
				GCC_WARN_UNUSED_VARIABLE = YES;
				IPHONEOS_DEPLOYMENT_TARGET = 16.2;
				MTL_ENABLE_DEBUG_INFO = NO;
				MTL_FAST_MATH = YES;
				SDKROOT = iphoneos;
				SWIFT_COMPILATION_MODE = wholemodule;
				SWIFT_OPTIMIZATION_LEVEL = "-O";
				VALIDATE_PRODUCT = YES;
			};
			name = Release;
		};
		81393CAA29698BF6007322B7 /* Debug */ = {
			isa = XCBuildConfiguration;
			buildSettings = {
				ASSETCATALOG_COMPILER_APPICON_NAME = AppIcon;
				ASSETCATALOG_COMPILER_GLOBAL_ACCENT_COLOR_NAME = AccentColor;
				CODE_SIGN_STYLE = Automatic;
				CURRENT_PROJECT_VERSION = 1;
				DEVELOPMENT_ASSET_PATHS = "";
				DEVELOPMENT_TEAM = A2SY882DX2;
				ENABLE_PREVIEWS = YES;
				GENERATE_INFOPLIST_FILE = YES;
				INFOPLIST_KEY_UIApplicationSceneManifest_Generation = YES;
				INFOPLIST_KEY_UIApplicationSupportsIndirectInputEvents = YES;
				INFOPLIST_KEY_UILaunchScreen_Generation = YES;
				INFOPLIST_KEY_UISupportedInterfaceOrientations_iPad = "UIInterfaceOrientationPortrait UIInterfaceOrientationPortraitUpsideDown UIInterfaceOrientationLandscapeLeft UIInterfaceOrientationLandscapeRight";
				INFOPLIST_KEY_UISupportedInterfaceOrientations_iPhone = "UIInterfaceOrientationPortrait UIInterfaceOrientationLandscapeLeft UIInterfaceOrientationLandscapeRight";
				LD_RUNPATH_SEARCH_PATHS = (
					"$(inherited)",
					"@executable_path/Frameworks",
				);
				MARKETING_VERSION = 1.0;
				PRODUCT_BUNDLE_IDENTIFIER = "it.ned.appdb-v2";
				PRODUCT_NAME = "$(TARGET_NAME)";
				SWIFT_EMIT_LOC_STRINGS = YES;
				SWIFT_VERSION = 5.0;
				TARGETED_DEVICE_FAMILY = "1,2";
			};
			name = Debug;
		};
		81393CAB29698BF6007322B7 /* Release */ = {
			isa = XCBuildConfiguration;
			buildSettings = {
				ASSETCATALOG_COMPILER_APPICON_NAME = AppIcon;
				ASSETCATALOG_COMPILER_GLOBAL_ACCENT_COLOR_NAME = AccentColor;
				CODE_SIGN_STYLE = Automatic;
				CURRENT_PROJECT_VERSION = 1;
				DEVELOPMENT_ASSET_PATHS = "";
				DEVELOPMENT_TEAM = A2SY882DX2;
				ENABLE_PREVIEWS = YES;
				GENERATE_INFOPLIST_FILE = YES;
				INFOPLIST_KEY_UIApplicationSceneManifest_Generation = YES;
				INFOPLIST_KEY_UIApplicationSupportsIndirectInputEvents = YES;
				INFOPLIST_KEY_UILaunchScreen_Generation = YES;
				INFOPLIST_KEY_UISupportedInterfaceOrientations_iPad = "UIInterfaceOrientationPortrait UIInterfaceOrientationPortraitUpsideDown UIInterfaceOrientationLandscapeLeft UIInterfaceOrientationLandscapeRight";
				INFOPLIST_KEY_UISupportedInterfaceOrientations_iPhone = "UIInterfaceOrientationPortrait UIInterfaceOrientationLandscapeLeft UIInterfaceOrientationLandscapeRight";
				LD_RUNPATH_SEARCH_PATHS = (
					"$(inherited)",
					"@executable_path/Frameworks",
				);
				MARKETING_VERSION = 1.0;
				PRODUCT_BUNDLE_IDENTIFIER = "it.ned.appdb-v2";
				PRODUCT_NAME = "$(TARGET_NAME)";
				SWIFT_EMIT_LOC_STRINGS = YES;
				SWIFT_VERSION = 5.0;
				TARGETED_DEVICE_FAMILY = "1,2";
			};
			name = Release;
		};
		817875BD296B124000372B65 /* Debug */ = {
			isa = XCBuildConfiguration;
			buildSettings = {
				BUNDLE_LOADER = "$(TEST_HOST)";
				CODE_SIGN_STYLE = Automatic;
				CURRENT_PROJECT_VERSION = 1;
				DEVELOPMENT_TEAM = A2SY882DX2;
				GENERATE_INFOPLIST_FILE = YES;
				MARKETING_VERSION = 1.0;
				PRODUCT_BUNDLE_IDENTIFIER = it.ned.appdbTests;
				PRODUCT_NAME = "$(TARGET_NAME)";
				SWIFT_EMIT_LOC_STRINGS = NO;
				SWIFT_VERSION = 5.0;
				TARGETED_DEVICE_FAMILY = "1,2";
				TEST_HOST = "$(BUILT_PRODUCTS_DIR)/appdb-v2.app/$(BUNDLE_EXECUTABLE_FOLDER_PATH)/appdb-v2";
			};
			name = Debug;
		};
		817875BE296B124000372B65 /* Release */ = {
			isa = XCBuildConfiguration;
			buildSettings = {
				BUNDLE_LOADER = "$(TEST_HOST)";
				CODE_SIGN_STYLE = Automatic;
				CURRENT_PROJECT_VERSION = 1;
				DEVELOPMENT_TEAM = A2SY882DX2;
				GENERATE_INFOPLIST_FILE = YES;
				MARKETING_VERSION = 1.0;
				PRODUCT_BUNDLE_IDENTIFIER = it.ned.appdbTests;
				PRODUCT_NAME = "$(TARGET_NAME)";
				SWIFT_EMIT_LOC_STRINGS = NO;
				SWIFT_VERSION = 5.0;
				TARGETED_DEVICE_FAMILY = "1,2";
				TEST_HOST = "$(BUILT_PRODUCTS_DIR)/appdb-v2.app/$(BUNDLE_EXECUTABLE_FOLDER_PATH)/appdb-v2";
			};
			name = Release;
		};
/* End XCBuildConfiguration section */

/* Begin XCConfigurationList section */
		81393C9629698BF5007322B7 /* Build configuration list for PBXProject "appdb-v2" */ = {
			isa = XCConfigurationList;
			buildConfigurations = (
				81393CA729698BF6007322B7 /* Debug */,
				81393CA829698BF6007322B7 /* Release */,
			);
			defaultConfigurationIsVisible = 0;
			defaultConfigurationName = Release;
		};
		81393CA929698BF6007322B7 /* Build configuration list for PBXNativeTarget "appdb-v2" */ = {
			isa = XCConfigurationList;
			buildConfigurations = (
				81393CAA29698BF6007322B7 /* Debug */,
				81393CAB29698BF6007322B7 /* Release */,
			);
			defaultConfigurationIsVisible = 0;
			defaultConfigurationName = Release;
		};
		817875BC296B124000372B65 /* Build configuration list for PBXNativeTarget "appdbTests" */ = {
			isa = XCConfigurationList;
			buildConfigurations = (
				817875BD296B124000372B65 /* Debug */,
				817875BE296B124000372B65 /* Release */,
			);
			defaultConfigurationIsVisible = 0;
			defaultConfigurationName = Release;
		};
/* End XCConfigurationList section */

/* Begin XCRemoteSwiftPackageReference section */
		81FBFDF4296B27650063361E /* XCRemoteSwiftPackageReference "Factory" */ = {
			isa = XCRemoteSwiftPackageReference;
			repositoryURL = "https://github.com/hmlongco/Factory";
			requirement = {
				kind = exactVersion;
				version = 1.3.3;
			};
		};
/* End XCRemoteSwiftPackageReference section */

/* Begin XCSwiftPackageProductDependency section */
		817875AD296B009400372B65 /* Models */ = {
			isa = XCSwiftPackageProductDependency;
			productName = Models;
		};
		817875AF296B009700372B65 /* Networking */ = {
			isa = XCSwiftPackageProductDependency;
			productName = Networking;
		};
		81FBFDF5296B27650063361E /* Factory */ = {
			isa = XCSwiftPackageProductDependency;
			package = 81FBFDF4296B27650063361E /* XCRemoteSwiftPackageReference "Factory" */;
			productName = Factory;
		};
/* End XCSwiftPackageProductDependency section */
	};
	rootObject = 81393C9329698BF5007322B7 /* Project object */;
}
